// !$*UTF8*$!
{
	archiveVersion = 1;
	classes = {
	};
	objectVersion = 46;
	objects = {

/* Begin PBXBuildFile section */
		55F918141F6BBA5700CEAFBD /* main.m in Sources */ = {isa = PBXBuildFile; fileRef = 55F918131F6BBA5700CEAFBD /* main.m */; };
		55F918171F6BBA5700CEAFBD /* AppDelegate.m in Sources */ = {isa = PBXBuildFile; fileRef = 55F918161F6BBA5700CEAFBD /* AppDelegate.m */; };
		55F9181A1F6BBA5700CEAFBD /* ViewController.m in Sources */ = {isa = PBXBuildFile; fileRef = 55F918191F6BBA5700CEAFBD /* ViewController.m */; };
		55F9181D1F6BBA5700CEAFBD /* Main.storyboard in Resources */ = {isa = PBXBuildFile; fileRef = 55F9181B1F6BBA5700CEAFBD /* Main.storyboard */; };
		55F9181F1F6BBA5700CEAFBD /* Assets.xcassets in Resources */ = {isa = PBXBuildFile; fileRef = 55F9181E1F6BBA5700CEAFBD /* Assets.xcassets */; };
		55F918221F6BBA5700CEAFBD /* LaunchScreen.storyboard in Resources */ = {isa = PBXBuildFile; fileRef = 55F918201F6BBA5700CEAFBD /* LaunchScreen.storyboard */; };
		55F9182C1F6BBAFD00CEAFBD /* CartListViewController.m in Sources */ = {isa = PBXBuildFile; fileRef = 55F9182B1F6BBAFD00CEAFBD /* CartListViewController.m */; };
		55F918311F6BBD0E00CEAFBD /* CartListTableViewCell.m in Sources */ = {isa = PBXBuildFile; fileRef = 55F918301F6BBD0E00CEAFBD /* CartListTableViewCell.m */; };
		55F918341F6BC04700CEAFBD /* CartAddView.m in Sources */ = {isa = PBXBuildFile; fileRef = 55F918331F6BC04700CEAFBD /* CartAddView.m */; };
		55F918381F6BC1F300CEAFBD /* UIView+Size.m in Sources */ = {isa = PBXBuildFile; fileRef = 55F918371F6BC1F300CEAFBD /* UIView+Size.m */; };
		55F9183D1F6BC2C500CEAFBD /* UIControl+Button.m in Sources */ = {isa = PBXBuildFile; fileRef = 55F9183A1F6BC2C500CEAFBD /* UIControl+Button.m */; };
		55F9183E1F6BC2C500CEAFBD /* CommonUI.m in Sources */ = {isa = PBXBuildFile; fileRef = 55F9183C1F6BC2C500CEAFBD /* CommonUI.m */; };
		55F918411F6BE87900CEAFBD /* CartBottomView.m in Sources */ = {isa = PBXBuildFile; fileRef = 55F918401F6BE87900CEAFBD /* CartBottomView.m */; };
/* End PBXBuildFile section */

/* Begin PBXFileReference section */
		55F9180F1F6BBA5700CEAFBD /* EleMeCartListDemo.app */ = {isa = PBXFileReference; explicitFileType = wrapper.application; includeInIndex = 0; path = EleMeCartListDemo.app; sourceTree = BUILT_PRODUCTS_DIR; };
		55F918131F6BBA5700CEAFBD /* main.m */ = {isa = PBXFileReference; lastKnownFileType = sourcecode.c.objc; path = main.m; sourceTree = "<group>"; };
		55F918151F6BBA5700CEAFBD /* AppDelegate.h */ = {isa = PBXFileReference; lastKnownFileType = sourcecode.c.h; path = AppDelegate.h; sourceTree = "<group>"; };
		55F918161F6BBA5700CEAFBD /* AppDelegate.m */ = {isa = PBXFileReference; lastKnownFileType = sourcecode.c.objc; path = AppDelegate.m; sourceTree = "<group>"; };
		55F918181F6BBA5700CEAFBD /* ViewController.h */ = {isa = PBXFileReference; lastKnownFileType = sourcecode.c.h; path = ViewController.h; sourceTree = "<group>"; };
		55F918191F6BBA5700CEAFBD /* ViewController.m */ = {isa = PBXFileReference; lastKnownFileType = sourcecode.c.objc; path = ViewController.m; sourceTree = "<group>"; };
		55F9181C1F6BBA5700CEAFBD /* Base */ = {isa = PBXFileReference; lastKnownFileType = file.storyboard; name = Base; path = Base.lproj/Main.storyboard; sourceTree = "<group>"; };
		55F9181E1F6BBA5700CEAFBD /* Assets.xcassets */ = {isa = PBXFileReference; lastKnownFileType = folder.assetcatalog; path = Assets.xcassets; sourceTree = "<group>"; };
		55F918211F6BBA5700CEAFBD /* Base */ = {isa = PBXFileReference; lastKnownFileType = file.storyboard; name = Base; path = Base.lproj/LaunchScreen.storyboard; sourceTree = "<group>"; };
		55F918231F6BBA5700CEAFBD /* Info.plist */ = {isa = PBXFileReference; lastKnownFileType = text.plist.xml; path = Info.plist; sourceTree = "<group>"; };
		55F9182A1F6BBAFD00CEAFBD /* CartListViewController.h */ = {isa = PBXFileReference; fileEncoding = 4; lastKnownFileType = sourcecode.c.h; path = CartListViewController.h; sourceTree = "<group>"; };
		55F9182B1F6BBAFD00CEAFBD /* CartListViewController.m */ = {isa = PBXFileReference; fileEncoding = 4; lastKnownFileType = sourcecode.c.objc; path = CartListViewController.m; sourceTree = "<group>"; };
		55F9182F1F6BBD0E00CEAFBD /* CartListTableViewCell.h */ = {isa = PBXFileReference; fileEncoding = 4; lastKnownFileType = sourcecode.c.h; path = CartListTableViewCell.h; sourceTree = "<group>"; };
		55F918301F6BBD0E00CEAFBD /* CartListTableViewCell.m */ = {isa = PBXFileReference; fileEncoding = 4; lastKnownFileType = sourcecode.c.objc; path = CartListTableViewCell.m; sourceTree = "<group>"; };
		55F918321F6BC04700CEAFBD /* CartAddView.h */ = {isa = PBXFileReference; fileEncoding = 4; lastKnownFileType = sourcecode.c.h; path = CartAddView.h; sourceTree = "<group>"; };
		55F918331F6BC04700CEAFBD /* CartAddView.m */ = {isa = PBXFileReference; fileEncoding = 4; lastKnownFileType = sourcecode.c.objc; path = CartAddView.m; sourceTree = "<group>"; };
		55F918361F6BC1F300CEAFBD /* UIView+Size.h */ = {isa = PBXFileReference; fileEncoding = 4; lastKnownFileType = sourcecode.c.h; path = "UIView+Size.h"; sourceTree = "<group>"; };
		55F918371F6BC1F300CEAFBD /* UIView+Size.m */ = {isa = PBXFileReference; fileEncoding = 4; lastKnownFileType = sourcecode.c.objc; path = "UIView+Size.m"; sourceTree = "<group>"; };
		55F918391F6BC2C500CEAFBD /* UIControl+Button.h */ = {isa = PBXFileReference; fileEncoding = 4; lastKnownFileType = sourcecode.c.h; path = "UIControl+Button.h"; sourceTree = "<group>"; };
		55F9183A1F6BC2C500CEAFBD /* UIControl+Button.m */ = {isa = PBXFileReference; fileEncoding = 4; lastKnownFileType = sourcecode.c.objc; path = "UIControl+Button.m"; sourceTree = "<group>"; };
		55F9183B1F6BC2C500CEAFBD /* CommonUI.h */ = {isa = PBXFileReference; fileEncoding = 4; lastKnownFileType = sourcecode.c.h; path = CommonUI.h; sourceTree = "<group>"; };
		55F9183C1F6BC2C500CEAFBD /* CommonUI.m */ = {isa = PBXFileReference; fileEncoding = 4; lastKnownFileType = sourcecode.c.objc; path = CommonUI.m; sourceTree = "<group>"; };
		55F9183F1F6BE87900CEAFBD /* CartBottomView.h */ = {isa = PBXFileReference; fileEncoding = 4; lastKnownFileType = sourcecode.c.h; path = CartBottomView.h; sourceTree = "<group>"; };
		55F918401F6BE87900CEAFBD /* CartBottomView.m */ = {isa = PBXFileReference; fileEncoding = 4; lastKnownFileType = sourcecode.c.objc; path = CartBottomView.m; sourceTree = "<group>"; };
/* End PBXFileReference section */

/* Begin PBXFrameworksBuildPhase section */
		55F9180C1F6BBA5700CEAFBD /* Frameworks */ = {
			isa = PBXFrameworksBuildPhase;
			buildActionMask = 2147483647;
			files = (
			);
			runOnlyForDeploymentPostprocessing = 0;
		};
/* End PBXFrameworksBuildPhase section */

/* Begin PBXGroup section */
		55F918061F6BBA5700CEAFBD = {
			isa = PBXGroup;
			children = (
				55F918111F6BBA5700CEAFBD /* EleMeCartListDemo */,
				55F918101F6BBA5700CEAFBD /* Products */,
			);
			sourceTree = "<group>";
		};
		55F918101F6BBA5700CEAFBD /* Products */ = {
			isa = PBXGroup;
			children = (
				55F9180F1F6BBA5700CEAFBD /* EleMeCartListDemo.app */,
			);
			name = Products;
			sourceTree = "<group>";
		};
		55F918111F6BBA5700CEAFBD /* EleMeCartListDemo */ = {
			isa = PBXGroup;
			children = (
				55F918291F6BBAEE00CEAFBD /* CartList */,
				55F918151F6BBA5700CEAFBD /* AppDelegate.h */,
				55F918161F6BBA5700CEAFBD /* AppDelegate.m */,
				55F918181F6BBA5700CEAFBD /* ViewController.h */,
				55F918191F6BBA5700CEAFBD /* ViewController.m */,
				55F9181B1F6BBA5700CEAFBD /* Main.storyboard */,
				55F9181E1F6BBA5700CEAFBD /* Assets.xcassets */,
				55F918201F6BBA5700CEAFBD /* LaunchScreen.storyboard */,
				55F918231F6BBA5700CEAFBD /* Info.plist */,
				55F918121F6BBA5700CEAFBD /* Supporting Files */,
			);
			path = EleMeCartListDemo;
			sourceTree = "<group>";
		};
		55F918121F6BBA5700CEAFBD /* Supporting Files */ = {
			isa = PBXGroup;
			children = (
				55F918131F6BBA5700CEAFBD /* main.m */,
			);
			name = "Supporting Files";
			sourceTree = "<group>";
		};
		55F918291F6BBAEE00CEAFBD /* CartList */ = {
			isa = PBXGroup;
			children = (
				55F9182A1F6BBAFD00CEAFBD /* CartListViewController.h */,
				55F9182B1F6BBAFD00CEAFBD /* CartListViewController.m */,
				55F9182D1F6BBCF700CEAFBD /* Cells */,
				55F9182E1F6BBCF700CEAFBD /* Views */,
				55F918351F6BC1DB00CEAFBD /* Utils */,
			);
			path = CartList;
			sourceTree = "<group>";
		};
		55F9182D1F6BBCF700CEAFBD /* Cells */ = {
			isa = PBXGroup;
			children = (
				55F9182F1F6BBD0E00CEAFBD /* CartListTableViewCell.h */,
				55F918301F6BBD0E00CEAFBD /* CartListTableViewCell.m */,
			);
			path = Cells;
			sourceTree = "<group>";
		};
		55F9182E1F6BBCF700CEAFBD /* Views */ = {
			isa = PBXGroup;
			children = (
				55F918321F6BC04700CEAFBD /* CartAddView.h */,
				55F918331F6BC04700CEAFBD /* CartAddView.m */,
				55F9183F1F6BE87900CEAFBD /* CartBottomView.h */,
				55F918401F6BE87900CEAFBD /* CartBottomView.m */,
			);
			path = Views;
			sourceTree = "<group>";
		};
		55F918351F6BC1DB00CEAFBD /* Utils */ = {
			isa = PBXGroup;
			children = (
				55F918361F6BC1F300CEAFBD /* UIView+Size.h */,
				55F918371F6BC1F300CEAFBD /* UIView+Size.m */,
				55F918391F6BC2C500CEAFBD /* UIControl+Button.h */,
				55F9183A1F6BC2C500CEAFBD /* UIControl+Button.m */,
				55F9183B1F6BC2C500CEAFBD /* CommonUI.h */,
				55F9183C1F6BC2C500CEAFBD /* CommonUI.m */,
			);
			path = Utils;
			sourceTree = "<group>";
		};
/* End PBXGroup section */

/* Begin PBXNativeTarget section */
		55F9180E1F6BBA5700CEAFBD /* EleMeCartListDemo */ = {
			isa = PBXNativeTarget;
			buildConfigurationList = 55F918261F6BBA5700CEAFBD /* Build configuration list for PBXNativeTarget "EleMeCartListDemo" */;
			buildPhases = (
				55F9180B1F6BBA5700CEAFBD /* Sources */,
				55F9180C1F6BBA5700CEAFBD /* Frameworks */,
				55F9180D1F6BBA5700CEAFBD /* Resources */,
			);
			buildRules = (
			);
			dependencies = (
			);
			name = EleMeCartListDemo;
			productName = EleMeCartListDemo;
			productReference = 55F9180F1F6BBA5700CEAFBD /* EleMeCartListDemo.app */;
			productType = "com.apple.product-type.application";
		};
/* End PBXNativeTarget section */

/* Begin PBXProject section */
		55F918071F6BBA5700CEAFBD /* Project object */ = {
			isa = PBXProject;
			attributes = {
				LastUpgradeCheck = 0830;
				ORGANIZATIONNAME = "超级腕电商";
				TargetAttributes = {
					55F9180E1F6BBA5700CEAFBD = {
						CreatedOnToolsVersion = 8.3.3;
						DevelopmentTeam = QS43CC5A87;
						ProvisioningStyle = Automatic;
					};
				};
			};
			buildConfigurationList = 55F9180A1F6BBA5700CEAFBD /* Build configuration list for PBXProject "EleMeCartListDemo" */;
			compatibilityVersion = "Xcode 3.2";
			developmentRegion = English;
			hasScannedForEncodings = 0;
			knownRegions = (
				en,
				Base,
			);
			mainGroup = 55F918061F6BBA5700CEAFBD;
			productRefGroup = 55F918101F6BBA5700CEAFBD /* Products */;
			projectDirPath = "";
			projectRoot = "";
			targets = (
				55F9180E1F6BBA5700CEAFBD /* EleMeCartListDemo */,
			);
		};
/* End PBXProject section */

/* Begin PBXResourcesBuildPhase section */
		55F9180D1F6BBA5700CEAFBD /* Resources */ = {
			isa = PBXResourcesBuildPhase;
			buildActionMask = 2147483647;
			files = (
				55F918221F6BBA5700CEAFBD /* LaunchScreen.storyboard in Resources */,
				55F9181F1F6BBA5700CEAFBD /* Assets.xcassets in Resources */,
				55F9181D1F6BBA5700CEAFBD /* Main.storyboard in Resources */,
			);
			runOnlyForDeploymentPostprocessing = 0;
		};
/* End PBXResourcesBuildPhase section */

/* Begin PBXSourcesBuildPhase section */
		55F9180B1F6BBA5700CEAFBD /* Sources */ = {
			isa = PBXSourcesBuildPhase;
			buildActionMask = 2147483647;
			files = (
				55F918381F6BC1F300CEAFBD /* UIView+Size.m in Sources */,
				55F9182C1F6BBAFD00CEAFBD /* CartListViewController.m in Sources */,
				55F9181A1F6BBA5700CEAFBD /* ViewController.m in Sources */,
				55F9183D1F6BC2C500CEAFBD /* UIControl+Button.m in Sources */,
				55F918311F6BBD0E00CEAFBD /* CartListTableViewCell.m in Sources */,
				55F918171F6BBA5700CEAFBD /* AppDelegate.m in Sources */,
				55F918341F6BC04700CEAFBD /* CartAddView.m in Sources */,
				55F9183E1F6BC2C500CEAFBD /* CommonUI.m in Sources */,
				55F918141F6BBA5700CEAFBD /* main.m in Sources */,
				55F918411F6BE87900CEAFBD /* CartBottomView.m in Sources */,
			);
			runOnlyForDeploymentPostprocessing = 0;
		};
/* End PBXSourcesBuildPhase section */

/* Begin PBXVariantGroup section */
		55F9181B1F6BBA5700CEAFBD /* Main.storyboard */ = {
			isa = PBXVariantGroup;
			children = (
				55F9181C1F6BBA5700CEAFBD /* Base */,
			);
			name = Main.storyboard;
			sourceTree = "<group>";
		};
		55F918201F6BBA5700CEAFBD /* LaunchScreen.storyboard */ = {
			isa = PBXVariantGroup;
			children = (
				55F918211F6BBA5700CEAFBD /* Base */,
			);
			name = LaunchScreen.storyboard;
			sourceTree = "<group>";
		};
/* End PBXVariantGroup section */

/* Begin XCBuildConfiguration section */
		55F918241F6BBA5700CEAFBD /* Debug */ = {
			isa = XCBuildConfiguration;
			buildSettings = {
				ALWAYS_SEARCH_USER_PATHS = NO;
				CLANG_ANALYZER_NONNULL = YES;
				CLANG_ANALYZER_NUMBER_OBJECT_CONVERSION = YES_AGGRESSIVE;
				CLANG_CXX_LANGUAGE_STANDARD = "gnu++0x";
				CLANG_CXX_LIBRARY = "libc++";
				CLANG_ENABLE_MODULES = YES;
				CLANG_ENABLE_OBJC_ARC = YES;
				CLANG_WARN_BOOL_CONVERSION = YES;
				CLANG_WARN_CONSTANT_CONVERSION = YES;
				CLANG_WARN_DIRECT_OBJC_ISA_USAGE = YES_ERROR;
				CLANG_WARN_DOCUMENTATION_COMMENTS = YES;
				CLANG_WARN_EMPTY_BODY = YES;
				CLANG_WARN_ENUM_CONVERSION = YES;
				CLANG_WARN_INFINITE_RECURSION = YES;
				CLANG_WARN_INT_CONVERSION = YES;
				CLANG_WARN_OBJC_ROOT_CLASS = YES_ERROR;
				CLANG_WARN_SUSPICIOUS_MOVE = YES;
				CLANG_WARN_UNREACHABLE_CODE = YES;
				CLANG_WARN__DUPLICATE_METHOD_MATCH = YES;
				"CODE_SIGN_IDENTITY[sdk=iphoneos*]" = "iPhone Developer";
				COPY_PHASE_STRIP = NO;
				DEBUG_INFORMATION_FORMAT = dwarf;
				ENABLE_STRICT_OBJC_MSGSEND = YES;
				ENABLE_TESTABILITY = YES;
				GCC_C_LANGUAGE_STANDARD = gnu99;
				GCC_DYNAMIC_NO_PIC = NO;
				GCC_NO_COMMON_BLOCKS = YES;
				GCC_OPTIMIZATION_LEVEL = 0;
				GCC_PREPROCESSOR_DEFINITIONS = (
					"DEBUG=1",
					"$(inherited)",
				);
				GCC_WARN_64_TO_32_BIT_CONVERSION = YES;
				GCC_WARN_ABOUT_RETURN_TYPE = YES_ERROR;
				GCC_WARN_UNDECLARED_SELECTOR = YES;
				GCC_WARN_UNINITIALIZED_AUTOS = YES_AGGRESSIVE;
				GCC_WARN_UNUSED_FUNCTION = YES;
				GCC_WARN_UNUSED_VARIABLE = YES;
				IPHONEOS_DEPLOYMENT_TARGET = 10.3;
				MTL_ENABLE_DEBUG_INFO = YES;
				ONLY_ACTIVE_ARCH = YES;
				SDKROOT = iphoneos;
			};
			name = Debug;
		};
		55F918251F6BBA5700CEAFBD /* Release */ = {
			isa = XCBuildConfiguration;
			buildSettings = {
				ALWAYS_SEARCH_USER_PATHS = NO;
				CLANG_ANALYZER_NONNULL = YES;
				CLANG_ANALYZER_NUMBER_OBJECT_CONVERSION = YES_AGGRESSIVE;
				CLANG_CXX_LANGUAGE_STANDARD = "gnu++0x";
				CLANG_CXX_LIBRARY = "libc++";
				CLANG_ENABLE_MODULES = YES;
				CLANG_ENABLE_OBJC_ARC = YES;
				CLANG_WARN_BOOL_CONVERSION = YES;
				CLANG_WARN_CONSTANT_CONVERSION = YES;
				CLANG_WARN_DIRECT_OBJC_ISA_USAGE = YES_ERROR;
				CLANG_WARN_DOCUMENTATION_COMMENTS = YES;
				CLANG_WARN_EMPTY_BODY = YES;
				CLANG_WARN_ENUM_CONVERSION = YES;
				CLANG_WARN_INFINITE_RECURSION = YES;
				CLANG_WARN_INT_CONVERSION = YES;
				CLANG_WARN_OBJC_ROOT_CLASS = YES_ERROR;
				CLANG_WARN_SUSPICIOUS_MOVE = YES;
				CLANG_WARN_UNREACHABLE_CODE = YES;
				CLANG_WARN__DUPLICATE_METHOD_MATCH = YES;
				"CODE_SIGN_IDENTITY[sdk=iphoneos*]" = "iPhone Developer";
				COPY_PHASE_STRIP = NO;
				DEBUG_INFORMATION_FORMAT = "dwarf-with-dsym";
				ENABLE_NS_ASSERTIONS = NO;
				ENABLE_STRICT_OBJC_MSGSEND = YES;
				GCC_C_LANGUAGE_STANDARD = gnu99;
				GCC_NO_COMMON_BLOCKS = YES;
				GCC_WARN_64_TO_32_BIT_CONVERSION = YES;
				GCC_WARN_ABOUT_RETURN_TYPE = YES_ERROR;
				GCC_WARN_UNDECLARED_SELECTOR = YES;
				GCC_WARN_UNINITIALIZED_AUTOS = YES_AGGRESSIVE;
				GCC_WARN_UNUSED_FUNCTION = YES;
				GCC_WARN_UNUSED_VARIABLE = YES;
				IPHONEOS_DEPLOYMENT_TARGET = 10.3;
				MTL_ENABLE_DEBUG_INFO = NO;
				SDKROOT = iphoneos;
				VALIDATE_PRODUCT = YES;
			};
			name = Release;
		};
		55F918271F6BBA5700CEAFBD /* Debug */ = {
			isa = XCBuildConfiguration;
			buildSettings = {
				ASSETCATALOG_COMPILER_APPICON_NAME = AppIcon;
				DEVELOPMENT_TEAM = QS43CC5A87;
				INFOPLIST_FILE = EleMeCartListDemo/Info.plist;
				IPHONEOS_DEPLOYMENT_TARGET = 9.0;
				LD_RUNPATH_SEARCH_PATHS = "$(inherited) @executable_path/Frameworks";
				PRODUCT_BUNDLE_IDENTIFIER = model.EleMeCartListDemo;
				PRODUCT_NAME = "$(TARGET_NAME)";
			};
			name = Debug;
		};
		55F918281F6BBA5700CEAFBD /* Release */ = {
			isa = XCBuildConfiguration;
			buildSettings = {
				ASSETCATALOG_COMPILER_APPICON_NAME = AppIcon;
				DEVELOPMENT_TEAM = QS43CC5A87;
				INFOPLIST_FILE = EleMeCartListDemo/Info.plist;
				IPHONEOS_DEPLOYMENT_TARGET = 9.0;
				LD_RUNPATH_SEARCH_PATHS = "$(inherited) @executable_path/Frameworks";
				PRODUCT_BUNDLE_IDENTIFIER = model.EleMeCartListDemo;
				PRODUCT_NAME = "$(TARGET_NAME)";
			};
			name = Release;
		};
/* End XCBuildConfiguration section */

/* Begin XCConfigurationList section */
		55F9180A1F6BBA5700CEAFBD /* Build configuration list for PBXProject "EleMeCartListDemo" */ = {
			isa = XCConfigurationList;
			buildConfigurations = (
				55F918241F6BBA5700CEAFBD /* Debug */,
				55F918251F6BBA5700CEAFBD /* Release */,
			);
			defaultConfigurationIsVisible = 0;
			defaultConfigurationName = Release;
		};
		55F918261F6BBA5700CEAFBD /* Build configuration list for PBXNativeTarget "EleMeCartListDemo" */ = {
			isa = XCConfigurationList;
			buildConfigurations = (
				55F918271F6BBA5700CEAFBD /* Debug */,
				55F918281F6BBA5700CEAFBD /* Release */,
			);
			defaultConfigurationIsVisible = 0;
		};
/* End XCConfigurationList section */
	};
	rootObject = 55F918071F6BBA5700CEAFBD /* Project object */;
}
